{
  "name": "honest-stream",
  "version": "0.1.0",
  "lockfileVersion": 1,
  "requires": true,
  "dependencies": {
    "honest-promise": {
      "version": "1.0.0",
      "resolved": "https://registry.npmjs.org/honest-promise/-/honest-promise-1.0.0.tgz",
      "integrity": "sha512-gl8v6Gb4wwgL6Kbz14Wnr6NDaY2A93e7hGOHN7pxCqy2iAF3YXlFMe9HQlhGtjKcAd2eM9KgHg+He2wFpqXdhg=="
    }
  }
}
