{
  "name": "honest-stream",
  "version": "0.1.0",
  "lockfileVersion": 1,
  "requires": true,
  "dependencies": {
    "honest-promise": {
      "version": "1.0.3",
      "resolved": "https://registry.npmjs.org/honest-promise/-/honest-promise-1.0.3.tgz",
      "integrity": "sha1-/OmBBS3bY0qNGDtRX61jWA/SPSo="
    }
  }
}
